// !$*UTF8*$!
{
	archiveVersion = 1;
	classes = {
	};
	objectVersion = 50;
	objects = {

/* Begin PBXBuildFile section */
		D04AB4E2243E2BFF0067F750 /* DataManager.swift in Sources */ = {isa = PBXBuildFile; fileRef = D04AB4E1243E2BFF0067F750 /* DataManager.swift */; };
		D04AB4E4243E2C070067F750 /* TodoItem.swift in Sources */ = {isa = PBXBuildFile; fileRef = D04AB4E3243E2C070067F750 /* TodoItem.swift */; };
		D09E3710240F74A2001C877C /* AppDelegate.swift in Sources */ = {isa = PBXBuildFile; fileRef = D09E370F240F74A2001C877C /* AppDelegate.swift */; };
		D09E3712240F74A2001C877C /* SceneDelegate.swift in Sources */ = {isa = PBXBuildFile; fileRef = D09E3711240F74A2001C877C /* SceneDelegate.swift */; };
		D09E3717240F74A2001C877C /* Main.storyboard in Resources */ = {isa = PBXBuildFile; fileRef = D09E3715240F74A2001C877C /* Main.storyboard */; };
		D09E371A240F74A2001C877C /* Simple.xcdatamodeld in Sources */ = {isa = PBXBuildFile; fileRef = D09E3718240F74A2001C877C /* Simple.xcdatamodeld */; };
		D09E371C240F74A4001C877C /* Assets.xcassets in Resources */ = {isa = PBXBuildFile; fileRef = D09E371B240F74A4001C877C /* Assets.xcassets */; };
		D09E371F240F74A4001C877C /* LaunchScreen.storyboard in Resources */ = {isa = PBXBuildFile; fileRef = D09E371D240F74A4001C877C /* LaunchScreen.storyboard */; };
		D09E3727240F74B8001C877C /* EventsViewController.swift in Sources */ = {isa = PBXBuildFile; fileRef = D09E3726240F74B8001C877C /* EventsViewController.swift */; };
/* End PBXBuildFile section */

/* Begin PBXFileReference section */
		D04AB4E1243E2BFF0067F750 /* DataManager.swift */ = {isa = PBXFileReference; lastKnownFileType = sourcecode.swift; path = DataManager.swift; sourceTree = "<group>"; };
		D04AB4E3243E2C070067F750 /* TodoItem.swift */ = {isa = PBXFileReference; lastKnownFileType = sourcecode.swift; path = TodoItem.swift; sourceTree = "<group>"; };
		D09E370C240F74A2001C877C /* Simple.app */ = {isa = PBXFileReference; explicitFileType = wrapper.application; includeInIndex = 0; path = Simple.app; sourceTree = BUILT_PRODUCTS_DIR; };
		D09E370F240F74A2001C877C /* AppDelegate.swift */ = {isa = PBXFileReference; lastKnownFileType = sourcecode.swift; path = AppDelegate.swift; sourceTree = "<group>"; };
		D09E3711240F74A2001C877C /* SceneDelegate.swift */ = {isa = PBXFileReference; lastKnownFileType = sourcecode.swift; path = SceneDelegate.swift; sourceTree = "<group>"; };
		D09E3716240F74A2001C877C /* Base */ = {isa = PBXFileReference; lastKnownFileType = file.storyboard; name = Base; path = Base.lproj/Main.storyboard; sourceTree = "<group>"; };
		D09E3719240F74A2001C877C /* Simple.xcdatamodel */ = {isa = PBXFileReference; lastKnownFileType = wrapper.xcdatamodel; path = Simple.xcdatamodel; sourceTree = "<group>"; };
		D09E371B240F74A4001C877C /* Assets.xcassets */ = {isa = PBXFileReference; lastKnownFileType = folder.assetcatalog; path = Assets.xcassets; sourceTree = "<group>"; };
		D09E371E240F74A4001C877C /* Base */ = {isa = PBXFileReference; lastKnownFileType = file.storyboard; name = Base; path = Base.lproj/LaunchScreen.storyboard; sourceTree = "<group>"; };
		D09E3720240F74A4001C877C /* Info.plist */ = {isa = PBXFileReference; lastKnownFileType = text.plist.xml; path = Info.plist; sourceTree = "<group>"; };
		D09E3726240F74B8001C877C /* EventsViewController.swift */ = {isa = PBXFileReference; lastKnownFileType = sourcecode.swift; path = EventsViewController.swift; sourceTree = "<group>"; };
/* End PBXFileReference section */

/* Begin PBXFrameworksBuildPhase section */
		D09E3709240F74A2001C877C /* Frameworks */ = {
			isa = PBXFrameworksBuildPhase;
			buildActionMask = 2147483647;
			files = (
			);
			runOnlyForDeploymentPostprocessing = 0;
		};
/* End PBXFrameworksBuildPhase section */

/* Begin PBXGroup section */
		D09E3703240F74A2001C877C = {
			isa = PBXGroup;
			children = (
				D09E370E240F74A2001C877C /* Simple */,
				D09E370D240F74A2001C877C /* Products */,
			);
			sourceTree = "<group>";
		};
		D09E370D240F74A2001C877C /* Products */ = {
			isa = PBXGroup;
			children = (
				D09E370C240F74A2001C877C /* Simple.app */,
			);
			name = Products;
			sourceTree = "<group>";
		};
		D09E370E240F74A2001C877C /* Simple */ = {
			isa = PBXGroup;
			children = (
				D09E370F240F74A2001C877C /* AppDelegate.swift */,
				D09E3711240F74A2001C877C /* SceneDelegate.swift */,
				D09E3726240F74B8001C877C /* EventsViewController.swift */,
				D04AB4E1243E2BFF0067F750 /* DataManager.swift */,
				D04AB4E3243E2C070067F750 /* TodoItem.swift */,
				D09E3715240F74A2001C877C /* Main.storyboard */,
				D09E371B240F74A4001C877C /* Assets.xcassets */,
				D09E371D240F74A4001C877C /* LaunchScreen.storyboard */,
				D09E3720240F74A4001C877C /* Info.plist */,
				D09E3718240F74A2001C877C /* Simple.xcdatamodeld */,
			);
			path = Simple;
			sourceTree = "<group>";
		};
/* End PBXGroup section */

/* Begin PBXNativeTarget section */
		D09E370B240F74A2001C877C /* Simple */ = {
			isa = PBXNativeTarget;
			buildConfigurationList = D09E3723240F74A4001C877C /* Build configuration list for PBXNativeTarget "Simple" */;
			buildPhases = (
				D09E3708240F74A2001C877C /* Sources */,
				D09E3709240F74A2001C877C /* Frameworks */,
				D09E370A240F74A2001C877C /* Resources */,
			);
			buildRules = (
			);
			dependencies = (
			);
			name = Simple;
			productName = Simple;
			productReference = D09E370C240F74A2001C877C /* Simple.app */;
			productType = "com.apple.product-type.application";
		};
/* End PBXNativeTarget section */

/* Begin PBXProject section */
		D09E3704240F74A2001C877C /* Project object */ = {
			isa = PBXProject;
			attributes = {
				LastSwiftUpdateCheck = 1130;
				LastUpgradeCheck = 1130;
				ORGANIZATIONNAME = "Justin Matsnev";
				TargetAttributes = {
					D09E370B240F74A2001C877C = {
						CreatedOnToolsVersion = 11.3.1;
					};
				};
			};
			buildConfigurationList = D09E3707240F74A2001C877C /* Build configuration list for PBXProject "Simple" */;
			compatibilityVersion = "Xcode 9.3";
			developmentRegion = en;
			hasScannedForEncodings = 0;
			knownRegions = (
				en,
				Base,
			);
			mainGroup = D09E3703240F74A2001C877C;
			productRefGroup = D09E370D240F74A2001C877C /* Products */;
			projectDirPath = "";
			projectRoot = "";
			targets = (
				D09E370B240F74A2001C877C /* Simple */,
			);
		};
/* End PBXProject section */

/* Begin PBXResourcesBuildPhase section */
		D09E370A240F74A2001C877C /* Resources */ = {
			isa = PBXResourcesBuildPhase;
			buildActionMask = 2147483647;
			files = (
				D09E371F240F74A4001C877C /* LaunchScreen.storyboard in Resources */,
				D09E371C240F74A4001C877C /* Assets.xcassets in Resources */,
				D09E3717240F74A2001C877C /* Main.storyboard in Resources */,
			);
			runOnlyForDeploymentPostprocessing = 0;
		};
/* End PBXResourcesBuildPhase section */

/* Begin PBXSourcesBuildPhase section */
		D09E3708240F74A2001C877C /* Sources */ = {
			isa = PBXSourcesBuildPhase;
			buildActionMask = 2147483647;
			files = (
				D09E371A240F74A2001C877C /* Simple.xcdatamodeld in Sources */,
				D04AB4E2243E2BFF0067F750 /* DataManager.swift in Sources */,
				D09E3727240F74B8001C877C /* EventsViewController.swift in Sources */,
				D09E3710240F74A2001C877C /* AppDelegate.swift in Sources */,
				D04AB4E4243E2C070067F750 /* TodoItem.swift in Sources */,
				D09E3712240F74A2001C877C /* SceneDelegate.swift in Sources */,
			);
			runOnlyForDeploymentPostprocessing = 0;
		};
/* End PBXSourcesBuildPhase section */

/* Begin PBXVariantGroup section */
		D09E3715240F74A2001C877C /* Main.storyboard */ = {
			isa = PBXVariantGroup;
			children = (
				D09E3716240F74A2001C877C /* Base */,
			);
			name = Main.storyboard;
			sourceTree = "<group>";
		};
		D09E371D240F74A4001C877C /* LaunchScreen.storyboard */ = {
			isa = PBXVariantGroup;
			children = (
				D09E371E240F74A4001C877C /* Base */,
			);
			name = LaunchScreen.storyboard;
			sourceTree = "<group>";
		};
/* End PBXVariantGroup section */

/* Begin XCBuildConfiguration section */
		D09E3721240F74A4001C877C /* Debug */ = {
			isa = XCBuildConfiguration;
			buildSettings = {
				ALWAYS_SEARCH_USER_PATHS = NO;
				CLANG_ANALYZER_NONNULL = YES;
				CLANG_ANALYZER_NUMBER_OBJECT_CONVERSION = YES_AGGRESSIVE;
				CLANG_CXX_LANGUAGE_STANDARD = "gnu++14";
				CLANG_CXX_LIBRARY = "libc++";
				CLANG_ENABLE_MODULES = YES;
				CLANG_ENABLE_OBJC_ARC = YES;
				CLANG_ENABLE_OBJC_WEAK = YES;
				CLANG_WARN_BLOCK_CAPTURE_AUTORELEASING = YES;
				CLANG_WARN_BOOL_CONVERSION = YES;
				CLANG_WARN_COMMA = YES;
				CLANG_WARN_CONSTANT_CONVERSION = YES;
				CLANG_WARN_DEPRECATED_OBJC_IMPLEMENTATIONS = YES;
				CLANG_WARN_DIRECT_OBJC_ISA_USAGE = YES_ERROR;
				CLANG_WARN_DOCUMENTATION_COMMENTS = YES;
				CLANG_WARN_EMPTY_BODY = YES;
				CLANG_WARN_ENUM_CONVERSION = YES;
				CLANG_WARN_INFINITE_RECURSION = YES;
				CLANG_WARN_INT_CONVERSION = YES;
				CLANG_WARN_NON_LITERAL_NULL_CONVERSION = YES;
				CLANG_WARN_OBJC_IMPLICIT_RETAIN_SELF = YES;
				CLANG_WARN_OBJC_LITERAL_CONVERSION = YES;
				CLANG_WARN_OBJC_ROOT_CLASS = YES_ERROR;
				CLANG_WARN_RANGE_LOOP_ANALYSIS = YES;
				CLANG_WARN_STRICT_PROTOTYPES = YES;
				CLANG_WARN_SUSPICIOUS_MOVE = YES;
				CLANG_WARN_UNGUARDED_AVAILABILITY = YES_AGGRESSIVE;
				CLANG_WARN_UNREACHABLE_CODE = YES;
				CLANG_WARN__DUPLICATE_METHOD_MATCH = YES;
				COPY_PHASE_STRIP = NO;
				DEBUG_INFORMATION_FORMAT = dwarf;
				ENABLE_STRICT_OBJC_MSGSEND = YES;
				ENABLE_TESTABILITY = YES;
				GCC_C_LANGUAGE_STANDARD = gnu11;
				GCC_DYNAMIC_NO_PIC = NO;
				GCC_NO_COMMON_BLOCKS = YES;
				GCC_OPTIMIZATION_LEVEL = 0;
				GCC_PREPROCESSOR_DEFINITIONS = (
					"DEBUG=1",
					"$(inherited)",
				);
				GCC_WARN_64_TO_32_BIT_CONVERSION = YES;
				GCC_WARN_ABOUT_RETURN_TYPE = YES_ERROR;
				GCC_WARN_UNDECLARED_SELECTOR = YES;
				GCC_WARN_UNINITIALIZED_AUTOS = YES_AGGRESSIVE;
				GCC_WARN_UNUSED_FUNCTION = YES;
				GCC_WARN_UNUSED_VARIABLE = YES;
				IPHONEOS_DEPLOYMENT_TARGET = 13.2;
				MTL_ENABLE_DEBUG_INFO = INCLUDE_SOURCE;
				MTL_FAST_MATH = YES;
				ONLY_ACTIVE_ARCH = YES;
				SDKROOT = iphoneos;
				SWIFT_ACTIVE_COMPILATION_CONDITIONS = DEBUG;
				SWIFT_OPTIMIZATION_LEVEL = "-Onone";
			};
			name = Debug;
		};
		D09E3722240F74A4001C877C /* Release */ = {
			isa = XCBuildConfiguration;
			buildSettings = {
				ALWAYS_SEARCH_USER_PATHS = NO;
				CLANG_ANALYZER_NONNULL = YES;
				CLANG_ANALYZER_NUMBER_OBJECT_CONVERSION = YES_AGGRESSIVE;
				CLANG_CXX_LANGUAGE_STANDARD = "gnu++14";
				CLANG_CXX_LIBRARY = "libc++";
				CLANG_ENABLE_MODULES = YES;
				CLANG_ENABLE_OBJC_ARC = YES;
				CLANG_ENABLE_OBJC_WEAK = YES;
				CLANG_WARN_BLOCK_CAPTURE_AUTORELEASING = YES;
				CLANG_WARN_BOOL_CONVERSION = YES;
				CLANG_WARN_COMMA = YES;
				CLANG_WARN_CONSTANT_CONVERSION = YES;
				CLANG_WARN_DEPRECATED_OBJC_IMPLEMENTATIONS = YES;
				CLANG_WARN_DIRECT_OBJC_ISA_USAGE = YES_ERROR;
				CLANG_WARN_DOCUMENTATION_COMMENTS = YES;
				CLANG_WARN_EMPTY_BODY = YES;
				CLANG_WARN_ENUM_CONVERSION = YES;
				CLANG_WARN_INFINITE_RECURSION = YES;
				CLANG_WARN_INT_CONVERSION = YES;
				CLANG_WARN_NON_LITERAL_NULL_CONVERSION = YES;
				CLANG_WARN_OBJC_IMPLICIT_RETAIN_SELF = YES;
				CLANG_WARN_OBJC_LITERAL_CONVERSION = YES;
				CLANG_WARN_OBJC_ROOT_CLASS = YES_ERROR;
				CLANG_WARN_RANGE_LOOP_ANALYSIS = YES;
				CLANG_WARN_STRICT_PROTOTYPES = YES;
				CLANG_WARN_SUSPICIOUS_MOVE = YES;
				CLANG_WARN_UNGUARDED_AVAILABILITY = YES_AGGRESSIVE;
				CLANG_WARN_UNREACHABLE_CODE = YES;
				CLANG_WARN__DUPLICATE_METHOD_MATCH = YES;
				COPY_PHASE_STRIP = NO;
				DEBUG_INFORMATION_FORMAT = "dwarf-with-dsym";
				ENABLE_NS_ASSERTIONS = NO;
				ENABLE_STRICT_OBJC_MSGSEND = YES;
				GCC_C_LANGUAGE_STANDARD = gnu11;
				GCC_NO_COMMON_BLOCKS = YES;
				GCC_WARN_64_TO_32_BIT_CONVERSION = YES;
				GCC_WARN_ABOUT_RETURN_TYPE = YES_ERROR;
				GCC_WARN_UNDECLARED_SELECTOR = YES;
				GCC_WARN_UNINITIALIZED_AUTOS = YES_AGGRESSIVE;
				GCC_WARN_UNUSED_FUNCTION = YES;
				GCC_WARN_UNUSED_VARIABLE = YES;
				IPHONEOS_DEPLOYMENT_TARGET = 13.2;
				MTL_ENABLE_DEBUG_INFO = NO;
				MTL_FAST_MATH = YES;
				SDKROOT = iphoneos;
				SWIFT_COMPILATION_MODE = wholemodule;
				SWIFT_OPTIMIZATION_LEVEL = "-O";
				VALIDATE_PRODUCT = YES;
			};
			name = Release;
		};
		D09E3724240F74A4001C877C /* Debug */ = {
			isa = XCBuildConfiguration;
			buildSettings = {
				ASSETCATALOG_COMPILER_APPICON_NAME = AppIcon;
				CODE_SIGN_STYLE = Automatic;
				DEVELOPMENT_TEAM = 96QE7H4LVL;
				INFOPLIST_FILE = Simple/Info.plist;
				LD_RUNPATH_SEARCH_PATHS = (
					"$(inherited)",
					"@executable_path/Frameworks",
				);
				PRODUCT_BUNDLE_IDENTIFIER = com.justinmatsnev.Simple;
				PRODUCT_NAME = "$(TARGET_NAME)";
				SWIFT_VERSION = 5.0;
				TARGETED_DEVICE_FAMILY = "1,2";
			};
			name = Debug;
		};
		D09E3725240F74A4001C877C /* Release */ = {
			isa = XCBuildConfiguration;
			buildSettings = {
				ASSETCATALOG_COMPILER_APPICON_NAME = AppIcon;
				CODE_SIGN_STYLE = Automatic;
				DEVELOPMENT_TEAM = 96QE7H4LVL;
				INFOPLIST_FILE = Simple/Info.plist;
				LD_RUNPATH_SEARCH_PATHS = (
					"$(inherited)",
					"@executable_path/Frameworks",
				);
				PRODUCT_BUNDLE_IDENTIFIER = com.justinmatsnev.Simple;
				PRODUCT_NAME = "$(TARGET_NAME)";
				SWIFT_VERSION = 5.0;
				TARGETED_DEVICE_FAMILY = "1,2";
			};
			name = Release;
		};
/* End XCBuildConfiguration section */

/* Begin XCConfigurationList section */
		D09E3707240F74A2001C877C /* Build configuration list for PBXProject "Simple" */ = {
			isa = XCConfigurationList;
			buildConfigurations = (
				D09E3721240F74A4001C877C /* Debug */,
				D09E3722240F74A4001C877C /* Release */,
			);
			defaultConfigurationIsVisible = 0;
			defaultConfigurationName = Release;
		};
		D09E3723240F74A4001C877C /* Build configuration list for PBXNativeTarget "Simple" */ = {
			isa = XCConfigurationList;
			buildConfigurations = (
				D09E3724240F74A4001C877C /* Debug */,
				D09E3725240F74A4001C877C /* Release */,
			);
			defaultConfigurationIsVisible = 0;
			defaultConfigurationName = Release;
		};
/* End XCConfigurationList section */

/* Begin XCVersionGroup section */
		D09E3718240F74A2001C877C /* Simple.xcdatamodeld */ = {
			isa = XCVersionGroup;
			children = (
				D09E3719240F74A2001C877C /* Simple.xcdatamodel */,
			);
			currentVersion = D09E3719240F74A2001C877C /* Simple.xcdatamodel */;
			path = Simple.xcdatamodeld;
			sourceTree = "<group>";
			versionGroupType = wrapper.xcdatamodel;
		};
/* End XCVersionGroup section */
	};
	rootObject = D09E3704240F74A2001C877C /* Project object */;
}
